{
    "version": 3,
    "terraform_version": "0.11.10",
    "serial": 19,
    "lineage": "df37d09a-8541-f8c1-765c-2c8b1822bd47",
    "modules": [
        {
            "path": [
                "root"
            ],
            "outputs": {
                "dood": {
                    "sensitive": false,
                    "type": "string",
                    "value": "table5dwapprg"
                },
                "vm_ip": {
                    "sensitive": false,
                    "type": "string",
                    "value": "191.232.49.176"
                }
            },
            "resources": {
                "azurerm_network_interface.mynic": {
                    "type": "azurerm_network_interface",
                    "depends_on": [
                        "azurerm_network_security_group.secgroup",
                        "azurerm_public_ip.myip",
                        "azurerm_subnet.mysub"
                    ],
                    "primary": {
                        "id": "/subscriptions/0ab9ad2e-f316-4da5-b243-e7f65da24755/resourceGroups/table5dwapprg/providers/Microsoft.Network/networkInterfaces/mynic",
                        "attributes": {
                            "applied_dns_servers.#": "0",
                            "dns_servers.#": "0",
                            "enable_accelerated_networking": "false",
                            "enable_ip_forwarding": "false",
                            "id": "/subscriptions/0ab9ad2e-f316-4da5-b243-e7f65da24755/resourceGroups/table5dwapprg/providers/Microsoft.Network/networkInterfaces/mynic",
                            "internal_dns_name_label": "",
                            "internal_fqdn": "",
                            "ip_configuration.#": "1",
                            "ip_configuration.0.application_gateway_backend_address_pools_ids.#": "0",
                            "ip_configuration.0.application_security_group_ids.#": "0",
                            "ip_configuration.0.load_balancer_backend_address_pools_ids.#": "0",
                            "ip_configuration.0.load_balancer_inbound_nat_rules_ids.#": "0",
                            "ip_configuration.0.name": "mynicipconfig",
                            "ip_configuration.0.primary": "true",
                            "ip_configuration.0.private_ip_address": "",
                            "ip_configuration.0.private_ip_address_allocation": "dynamic",
                            "ip_configuration.0.public_ip_address_id": "/subscriptions/0ab9ad2e-f316-4da5-b243-e7f65da24755/resourceGroups/table5dwapprg/providers/Microsoft.Network/publicIPAddresses/table4jbpubip",
                            "ip_configuration.0.subnet_id": "/subscriptions/0ab9ad2e-f316-4da5-b243-e7f65da24755/resourceGroups/table5dwapprg/providers/Microsoft.Network/virtualNetworks/myvnet/subnets/mysubnet",
                            "location": "brazilsouth",
                            "mac_address": "00-0D-3A-C0-68-BD",
                            "name": "mynic",
                            "network_security_group_id": "/subscriptions/0ab9ad2e-f316-4da5-b243-e7f65da24755/resourceGroups/table5dwapprg/providers/Microsoft.Network/networkSecurityGroups/table5dwsecgroup",
                            "private_ip_address": "10.0.1.4",
                            "private_ip_addresses.#": "1",
                            "private_ip_addresses.0": "10.0.1.4",
                            "resource_group_name": "table5dwapprg",
                            "tags.%": "0",
                            "virtual_machine_id": "/subscriptions/0ab9ad2e-f316-4da5-b243-e7f65da24755/resourceGroups/table5dwapprg/providers/Microsoft.Compute/virtualMachines/table5dwvm"
                        },
                        "meta": {},
                        "tainted": false
                    },
                    "deposed": [],
                    "provider": "provider.azurerm"
                },
                "azurerm_network_security_group.secgroup": {
                    "type": "azurerm_network_security_group",
                    "depends_on": [
                        "azurerm_resource_group.thegroup"
                    ],
                    "primary": {
                        "id": "/subscriptions/0ab9ad2e-f316-4da5-b243-e7f65da24755/resourceGroups/table5dwapprg/providers/Microsoft.Network/networkSecurityGroups/table5dwsecgroup",
                        "attributes": {
                            "id": "/subscriptions/0ab9ad2e-f316-4da5-b243-e7f65da24755/resourceGroups/table5dwapprg/providers/Microsoft.Network/networkSecurityGroups/table5dwsecgroup",
                            "location": "brazilsouth",
                            "name": "table5dwsecgroup",
                            "resource_group_name": "table5dwapprg",
                            "security_rule.#": "1",
                            "security_rule.1573307906.access": "Allow",
                            "security_rule.1573307906.description": "",
                            "security_rule.1573307906.destination_address_prefix": "*",
                            "security_rule.1573307906.destination_address_prefixes.#": "0",
                            "security_rule.1573307906.destination_application_security_group_ids.#": "0",
                            "security_rule.1573307906.destination_port_range": "22",
                            "security_rule.1573307906.destination_port_ranges.#": "0",
                            "security_rule.1573307906.direction": "Inbound",
                            "security_rule.1573307906.name": "SSH",
                            "security_rule.1573307906.priority": "1003",
                            "security_rule.1573307906.protocol": "Tcp",
                            "security_rule.1573307906.source_address_prefix": "*",
                            "security_rule.1573307906.source_address_prefixes.#": "0",
                            "security_rule.1573307906.source_application_security_group_ids.#": "0",
                            "security_rule.1573307906.source_port_range": "*",
                            "security_rule.1573307906.source_port_ranges.#": "0",
                            "tags.%": "1",
                            "tags.environment": "Testing"
                        },
                        "meta": {},
                        "tainted": false
                    },
                    "deposed": [],
                    "provider": "provider.azurerm"
                },
                "azurerm_public_ip.myip": {
                    "type": "azurerm_public_ip",
                    "depends_on": [
                        "azurerm_resource_group.thegroup"
                    ],
                    "primary": {
                        "id": "/subscriptions/0ab9ad2e-f316-4da5-b243-e7f65da24755/resourceGroups/table5dwapprg/providers/Microsoft.Network/publicIPAddresses/table4jbpubip",
                        "attributes": {
                            "id": "/subscriptions/0ab9ad2e-f316-4da5-b243-e7f65da24755/resourceGroups/table5dwapprg/providers/Microsoft.Network/publicIPAddresses/table4jbpubip",
                            "idle_timeout_in_minutes": "4",
                            "ip_address": "191.232.49.176",
                            "ip_version": "ipv4",
                            "location": "brazilsouth",
                            "name": "table4jbpubip",
                            "public_ip_address_allocation": "static",
                            "resource_group_name": "table5dwapprg",
                            "sku": "Basic",
                            "tags.%": "1",
                            "tags.environment": "testing",
                            "zones.#": "0"
                        },
                        "meta": {},
                        "tainted": false
                    },
                    "deposed": [],
                    "provider": "provider.azurerm"
                },
                "azurerm_resource_group.thegroup": {
                    "type": "azurerm_resource_group",
                    "depends_on": [],
                    "primary": {
                        "id": "/subscriptions/0ab9ad2e-f316-4da5-b243-e7f65da24755/resourceGroups/table5dwapprg",
                        "attributes": {
                            "id": "/subscriptions/0ab9ad2e-f316-4da5-b243-e7f65da24755/resourceGroups/table5dwapprg",
                            "location": "brazilsouth",
                            "name": "table5dwapprg",
                            "tags.%": "0"
                        },
                        "meta": {},
                        "tainted": false
                    },
                    "deposed": [],
                    "provider": "provider.azurerm"
                },
                "azurerm_storage_account.mystorage": {
                    "type": "azurerm_storage_account",
                    "depends_on": [
                        "azurerm_resource_group.thegroup",
                        "random_id.randomid"
                    ],
                    "primary": {
                        "id": "/subscriptions/0ab9ad2e-f316-4da5-b243-e7f65da24755/resourceGroups/table5dwapprg/providers/Microsoft.Storage/storageAccounts/diag9bfcf1b66cfb495d",
                        "attributes": {
                            "access_tier": "",
                            "account_encryption_source": "Microsoft.Storage",
                            "account_kind": "Storage",
                            "account_replication_type": "LRS",
                            "account_tier": "Standard",
                            "account_type": "Standard_LRS",
                            "enable_blob_encryption": "true",
                            "enable_file_encryption": "true",
                            "enable_https_traffic_only": "false",
                            "id": "/subscriptions/0ab9ad2e-f316-4da5-b243-e7f65da24755/resourceGroups/table5dwapprg/providers/Microsoft.Storage/storageAccounts/diag9bfcf1b66cfb495d",
                            "identity.#": "0",
                            "location": "brazilsouth",
                            "name": "diag9bfcf1b66cfb495d",
                            "network_rules.#": "0",
                            "primary_access_key": "XTass81b/I2D7oQ86c0TOCwNJOZdlLf/3e6oKPvaxpppw2oJ8k/IfuW9ObUPxmn/PCwi0cUrRBNnqTafk/he8A==",
                            "primary_blob_connection_string": "DefaultEndpointsProtocol=https;BlobEndpoint=https://diag9bfcf1b66cfb495d.blob.core.windows.net/;AccountName=diag9bfcf1b66cfb495d;AccountKey=XTass81b/I2D7oQ86c0TOCwNJOZdlLf/3e6oKPvaxpppw2oJ8k/IfuW9ObUPxmn/PCwi0cUrRBNnqTafk/he8A==",
                            "primary_blob_endpoint": "https://diag9bfcf1b66cfb495d.blob.core.windows.net/",
                            "primary_connection_string": "DefaultEndpointsProtocol=https;AccountName=diag9bfcf1b66cfb495d;AccountKey=XTass81b/I2D7oQ86c0TOCwNJOZdlLf/3e6oKPvaxpppw2oJ8k/IfuW9ObUPxmn/PCwi0cUrRBNnqTafk/he8A==;EndpointSuffix=core.windows.net",
                            "primary_file_endpoint": "https://diag9bfcf1b66cfb495d.file.core.windows.net/",
                            "primary_location": "brazilsouth",
                            "primary_queue_endpoint": "https://diag9bfcf1b66cfb495d.queue.core.windows.net/",
                            "primary_table_endpoint": "https://diag9bfcf1b66cfb495d.table.core.windows.net/",
                            "resource_group_name": "table5dwapprg",
                            "secondary_access_key": "9YK1SKtPLYt6e77fXoJJXQlm+icuL06yfIi3oMuR5eAmUbEug/4uy3vvw/0HQQEXYIPdGrKjYABG7X8xNgkiDQ==",
                            "secondary_connection_string": "DefaultEndpointsProtocol=https;AccountName=diag9bfcf1b66cfb495d;AccountKey=9YK1SKtPLYt6e77fXoJJXQlm+icuL06yfIi3oMuR5eAmUbEug/4uy3vvw/0HQQEXYIPdGrKjYABG7X8xNgkiDQ==;EndpointSuffix=core.windows.net",
                            "secondary_location": "",
                            "tags.%": "1",
                            "tags.environment": "Testing"
                        },
                        "meta": {
                            "schema_version": "2"
                        },
                        "tainted": false
                    },
                    "deposed": [],
                    "provider": "provider.azurerm"
                },
                "azurerm_subnet.mysub": {
                    "type": "azurerm_subnet",
                    "depends_on": [
                        "azurerm_resource_group.thegroup",
                        "azurerm_virtual_network.mynet"
                    ],
                    "primary": {
                        "id": "/subscriptions/0ab9ad2e-f316-4da5-b243-e7f65da24755/resourceGroups/table5dwapprg/providers/Microsoft.Network/virtualNetworks/myvnet/subnets/mysubnet",
                        "attributes": {
                            "address_prefix": "10.0.1.0/24",
                            "id": "/subscriptions/0ab9ad2e-f316-4da5-b243-e7f65da24755/resourceGroups/table5dwapprg/providers/Microsoft.Network/virtualNetworks/myvnet/subnets/mysubnet",
                            "ip_configurations.#": "1",
                            "ip_configurations.1090828279": "/subscriptions/0ab9ad2e-f316-4da5-b243-e7f65da24755/resourceGroups/table5dwapprg/providers/Microsoft.Network/networkInterfaces/mynic/ipConfigurations/mynicipconfig",
                            "name": "mysubnet",
                            "resource_group_name": "table5dwapprg",
                            "route_table_id": "",
                            "service_endpoints.#": "0",
                            "virtual_network_name": "myvnet"
                        },
                        "meta": {},
                        "tainted": false
                    },
                    "deposed": [],
                    "provider": "provider.azurerm"
                },
                "azurerm_virtual_machine.thevm": {
                    "type": "azurerm_virtual_machine",
                    "depends_on": [
                        "azurerm_network_interface.mynic",
                        "azurerm_storage_account.mystorage"
                    ],
                    "primary": {
                        "id": "/subscriptions/0ab9ad2e-f316-4da5-b243-e7f65da24755/resourceGroups/table5dwapprg/providers/Microsoft.Compute/virtualMachines/table5dwvm",
                        "attributes": {
                            "boot_diagnostics.#": "1",
                            "boot_diagnostics.0.enabled": "true",
                            "boot_diagnostics.0.storage_uri": "https://diag9bfcf1b66cfb495d.blob.core.windows.net/",
                            "delete_data_disks_on_termination": "false",
                            "delete_os_disk_on_termination": "false",
                            "id": "/subscriptions/0ab9ad2e-f316-4da5-b243-e7f65da24755/resourceGroups/table5dwapprg/providers/Microsoft.Compute/virtualMachines/table5dwvm",
                            "identity.#": "0",
                            "location": "brazilsouth",
                            "name": "table5dwvm",
                            "network_interface_ids.#": "1",
                            "network_interface_ids.0": "/subscriptions/0ab9ad2e-f316-4da5-b243-e7f65da24755/resourceGroups/table5dwapprg/providers/Microsoft.Network/networkInterfaces/mynic",
                            "os_profile.#": "1",
                            "os_profile.3028966681.admin_password": "",
                            "os_profile.3028966681.admin_username": "azureops",
                            "os_profile.3028966681.computer_name": "table5dwvm",
                            "os_profile.3028966681.custom_data": "",
                            "os_profile_linux_config.#": "1",
                            "os_profile_linux_config.69840937.disable_password_authentication": "true",
                            "os_profile_linux_config.69840937.ssh_keys.#": "1",
                            "os_profile_linux_config.69840937.ssh_keys.0.key_data": "ssh-rsa AAAAB3NzaC1yc2EAAAADAQABAAABAQDb/n1PSqOqCXOocvH2AyZR4QvMHprK6wfWiTysMXqaLU2JpSWxuijrewAzpDAQs07mEJEYIVGXAzE/G90XaVVok0IF+1au+BfJ7Wuxd3TbUo2eU/FBmNHyFMiG3+SDOrBSSv0Bl4PgRBJ3GW8Yh1AmjH1lO4LLZ5odjyfqUNGSBfaGMUU5ES1LqS4vkX6YA2DYsca1opZTzC9CJ00H0Vpbhf8gjeYuGDGsOt3CBMXaWlRBa80ld+mOIM1+Tv4iD6L0qR65ez1d8Xo9c0INbrVVqgGKa/XUooFOhKPIT3y1gZhUFk6TeJYkmaGn+GxrRCguDlorCM1McXqFtFyfOL6f azureops@table5dwdevopsvm\n",
                            "os_profile_linux_config.69840937.ssh_keys.0.path": "/home/azureops/.ssh/authorized_keys",
                            "os_profile_secrets.#": "0",
                            "resource_group_name": "table5dwapprg",
                            "storage_data_disk.#": "0",
                            "storage_image_reference.#": "1",
                            "storage_image_reference.1458860473.id": "",
                            "storage_image_reference.1458860473.offer": "UbuntuServer",
                            "storage_image_reference.1458860473.publisher": "Canonical",
                            "storage_image_reference.1458860473.sku": "16.04-LTS",
                            "storage_image_reference.1458860473.version": "latest",
                            "storage_os_disk.#": "1",
                            "storage_os_disk.0.caching": "ReadWrite",
                            "storage_os_disk.0.create_option": "FromImage",
                            "storage_os_disk.0.disk_size_gb": "30",
                            "storage_os_disk.0.image_uri": "",
                            "storage_os_disk.0.managed_disk_id": "/subscriptions/0ab9ad2e-f316-4da5-b243-e7f65da24755/resourceGroups/table5dwapprg/providers/Microsoft.Compute/disks/theosdisk",
                            "storage_os_disk.0.managed_disk_type": "Premium_LRS",
                            "storage_os_disk.0.name": "theosdisk",
                            "storage_os_disk.0.os_type": "Linux",
                            "storage_os_disk.0.vhd_uri": "",
                            "storage_os_disk.0.write_accelerator_enabled": "false",
                            "tags.%": "1",
                            "tags.environment": "Testing",
                            "vm_size": "Standard_DS1_v2",
                            "zones.#": "0"
                        },
                        "meta": {},
                        "tainted": false
                    },
                    "deposed": [],
                    "provider": "provider.azurerm"
                },
                "azurerm_virtual_network.mynet": {
                    "type": "azurerm_virtual_network",
                    "depends_on": [
                        "azurerm_resource_group.thegroup"
                    ],
                    "primary": {
                        "id": "/subscriptions/0ab9ad2e-f316-4da5-b243-e7f65da24755/resourceGroups/table5dwapprg/providers/Microsoft.Network/virtualNetworks/myvnet",
                        "attributes": {
                            "address_space.#": "1",
                            "address_space.0": "10.0.0.0/16",
                            "dns_servers.#": "0",
                            "id": "/subscriptions/0ab9ad2e-f316-4da5-b243-e7f65da24755/resourceGroups/table5dwapprg/providers/Microsoft.Network/virtualNetworks/myvnet",
                            "location": "brazilsouth",
                            "name": "myvnet",
                            "resource_group_name": "table5dwapprg",
                            "subnet.#": "1",
                            "subnet.3556314000.address_prefix": "10.0.1.0/24",
                            "subnet.3556314000.id": "/subscriptions/0ab9ad2e-f316-4da5-b243-e7f65da24755/resourceGroups/table5dwapprg/providers/Microsoft.Network/virtualNetworks/myvnet/subnets/mysubnet",
                            "subnet.3556314000.name": "mysubnet",
                            "subnet.3556314000.security_group": "",
                            "tags.%": "1",
                            "tags.environment": "Testing"
                        },
                        "meta": {},
                        "tainted": false
                    },
                    "deposed": [],
                    "provider": "provider.azurerm"
                },
                "null_resource.upload": {
                    "type": "null_resource",
                    "depends_on": [
                        "azurerm_public_ip.myip"
                    ],
                    "primary": {
                        "id": "3733440788596617787",
                        "attributes": {
                            "id": "3733440788596617787"
                        },
                        "meta": {},
                        "tainted": true
                    },
                    "deposed": [],
                    "provider": "provider.null"
                },
                "random_id.randomid": {
                    "type": "random_id",
                    "depends_on": [
                        "azurerm_resource_group.thegroup"
                    ],
                    "primary": {
                        "id": "m_zxtmz7SV0",
                        "attributes": {
                            "b64": "m_zxtmz7SV0",
                            "b64_std": "m/zxtmz7SV0=",
                            "b64_url": "m_zxtmz7SV0",
                            "byte_length": "8",
                            "dec": "11240124535824664925",
                            "hex": "9bfcf1b66cfb495d",
                            "id": "m_zxtmz7SV0",
                            "keepers.%": "1",
                            "keepers.resource_group": "table5dwapprg"
                        },
                        "meta": {},
                        "tainted": false
                    },
                    "deposed": [],
                    "provider": "provider.random"
                }
            },
            "depends_on": []
        }
    ]
}
