{
    "version": 3,
    "terraform_version": "0.11.10",
    "serial": 2,
    "lineage": "afa22bdd-cf17-f43a-d82c-2c81ad055133",
    "modules": [
        {
            "path": [
                "root"
            ],
            "outputs": {
                "dood": {
                    "sensitive": false,
                    "type": "string",
                    "value": "table5dwapprg"
                },
                "vm_private_ips": {
                    "sensitive": false,
                    "type": "list",
                    "value": [
                        "10.0.1.5",
                        "10.0.1.4"
                    ]
                },
                "vm_public_name": {
                    "sensitive": false,
                    "type": "list",
                    "value": [
                        "table5dwapp.brazilsouth.cloudapp.azure.com"
                    ]
                }
            },
            "resources": {
                "azurerm_resource_group.thegroup": {
                    "type": "azurerm_resource_group",
                    "depends_on": [],
                    "primary": {
                        "id": "/subscriptions/0ab9ad2e-f316-4da5-b243-e7f65da24755/resourceGroups/table5dwapprg",
                        "attributes": {
                            "id": "/subscriptions/0ab9ad2e-f316-4da5-b243-e7f65da24755/resourceGroups/table5dwapprg",
                            "location": "brazilsouth",
                            "name": "table5dwapprg",
                            "tags.%": "0"
                        },
                        "meta": {},
                        "tainted": false
                    },
                    "deposed": [],
                    "provider": "provider.azurerm"
                }
            },
            "depends_on": []
        },
        {
            "path": [
                "root",
                "mycompute"
            ],
            "outputs": {
                "availability_set_id": {
                    "sensitive": false,
                    "type": "string",
                    "value": "/subscriptions/0ab9ad2e-f316-4da5-b243-e7f65da24755/resourceGroups/table5dwapprg/providers/Microsoft.Compute/availabilitySets/myvm-avset"
                },
                "network_interface_ids": {
                    "sensitive": false,
                    "type": "list",
                    "value": [
                        "/subscriptions/0ab9ad2e-f316-4da5-b243-e7f65da24755/resourceGroups/table5dwapprg/providers/Microsoft.Network/networkInterfaces/nic-myvm-0",
                        "/subscriptions/0ab9ad2e-f316-4da5-b243-e7f65da24755/resourceGroups/table5dwapprg/providers/Microsoft.Network/networkInterfaces/nic-myvm-1"
                    ]
                },
                "network_interface_private_ip": {
                    "sensitive": false,
                    "type": "list",
                    "value": [
                        "10.0.1.5",
                        "10.0.1.4"
                    ]
                },
                "network_security_group_id": {
                    "sensitive": false,
                    "type": "string",
                    "value": "/subscriptions/0ab9ad2e-f316-4da5-b243-e7f65da24755/resourceGroups/table5dwapprg/providers/Microsoft.Network/networkSecurityGroups/myvm-3389-nsg"
                },
                "public_ip_dns_name": {
                    "sensitive": false,
                    "type": "list",
                    "value": [
                        "table5dwapp.brazilsouth.cloudapp.azure.com"
                    ]
                },
                "public_ip_id": {
                    "sensitive": false,
                    "type": "list",
                    "value": [
                        "/subscriptions/0ab9ad2e-f316-4da5-b243-e7f65da24755/resourceGroups/table5dwapprg/providers/Microsoft.Network/publicIPAddresses/myvm-0-publicIP"
                    ]
                },
                "vm_ids": {
                    "sensitive": false,
                    "type": "list",
                    "value": [
                        "/subscriptions/0ab9ad2e-f316-4da5-b243-e7f65da24755/resourceGroups/table5dwapprg/providers/Microsoft.Compute/virtualMachines/myvm0",
                        "/subscriptions/0ab9ad2e-f316-4da5-b243-e7f65da24755/resourceGroups/table5dwapprg/providers/Microsoft.Compute/virtualMachines/myvm1"
                    ]
                }
            },
            "resources": {
                "azurerm_availability_set.vm": {
                    "type": "azurerm_availability_set",
                    "depends_on": [
                        "azurerm_resource_group.vm"
                    ],
                    "primary": {
                        "id": "/subscriptions/0ab9ad2e-f316-4da5-b243-e7f65da24755/resourceGroups/table5dwapprg/providers/Microsoft.Compute/availabilitySets/myvm-avset",
                        "attributes": {
                            "id": "/subscriptions/0ab9ad2e-f316-4da5-b243-e7f65da24755/resourceGroups/table5dwapprg/providers/Microsoft.Compute/availabilitySets/myvm-avset",
                            "location": "brazilsouth",
                            "managed": "true",
                            "name": "myvm-avset",
                            "platform_fault_domain_count": "2",
                            "platform_update_domain_count": "2",
                            "resource_group_name": "table5dwapprg",
                            "tags.%": "0"
                        },
                        "meta": {},
                        "tainted": false
                    },
                    "deposed": [],
                    "provider": "module.mycompute.provider.azurerm"
                },
                "azurerm_network_interface.vm.0": {
                    "type": "azurerm_network_interface",
                    "depends_on": [
                        "azurerm_network_security_group.vm",
                        "azurerm_public_ip.vm.*",
                        "azurerm_resource_group.vm"
                    ],
                    "primary": {
                        "id": "/subscriptions/0ab9ad2e-f316-4da5-b243-e7f65da24755/resourceGroups/table5dwapprg/providers/Microsoft.Network/networkInterfaces/nic-myvm-0",
                        "attributes": {
                            "applied_dns_servers.#": "0",
                            "dns_servers.#": "0",
                            "enable_ip_forwarding": "false",
                            "id": "/subscriptions/0ab9ad2e-f316-4da5-b243-e7f65da24755/resourceGroups/table5dwapprg/providers/Microsoft.Network/networkInterfaces/nic-myvm-0",
                            "internal_dns_name_label": "",
                            "ip_configuration.#": "1",
                            "ip_configuration.0.load_balancer_backend_address_pools_ids.#": "0",
                            "ip_configuration.0.load_balancer_inbound_nat_rules_ids.#": "0",
                            "ip_configuration.0.name": "ipconfig0",
                            "ip_configuration.0.primary": "true",
                            "ip_configuration.0.private_ip_address": "",
                            "ip_configuration.0.private_ip_address_allocation": "dynamic",
                            "ip_configuration.0.public_ip_address_id": "/subscriptions/0ab9ad2e-f316-4da5-b243-e7f65da24755/resourceGroups/table5dwapprg/providers/Microsoft.Network/publicIPAddresses/myvm-0-publicIP",
                            "ip_configuration.0.subnet_id": "/subscriptions/0ab9ad2e-f316-4da5-b243-e7f65da24755/resourceGroups/table5dwapprg/providers/Microsoft.Network/virtualNetworks/acctvnet/subnets/subnet1",
                            "location": "brazilsouth",
                            "name": "nic-myvm-0",
                            "network_security_group_id": "/subscriptions/0ab9ad2e-f316-4da5-b243-e7f65da24755/resourceGroups/table5dwapprg/providers/Microsoft.Network/networkSecurityGroups/myvm-3389-nsg",
                            "private_ip_address": "10.0.1.5",
                            "private_ip_addresses.#": "1",
                            "private_ip_addresses.0": "10.0.1.5",
                            "resource_group_name": "table5dwapprg",
                            "tags.%": "0"
                        },
                        "meta": {},
                        "tainted": false
                    },
                    "deposed": [],
                    "provider": "module.mycompute.provider.azurerm"
                },
                "azurerm_network_interface.vm.1": {
                    "type": "azurerm_network_interface",
                    "depends_on": [
                        "azurerm_network_security_group.vm",
                        "azurerm_public_ip.vm.*",
                        "azurerm_resource_group.vm"
                    ],
                    "primary": {
                        "id": "/subscriptions/0ab9ad2e-f316-4da5-b243-e7f65da24755/resourceGroups/table5dwapprg/providers/Microsoft.Network/networkInterfaces/nic-myvm-1",
                        "attributes": {
                            "applied_dns_servers.#": "0",
                            "dns_servers.#": "0",
                            "enable_ip_forwarding": "false",
                            "id": "/subscriptions/0ab9ad2e-f316-4da5-b243-e7f65da24755/resourceGroups/table5dwapprg/providers/Microsoft.Network/networkInterfaces/nic-myvm-1",
                            "internal_dns_name_label": "",
                            "ip_configuration.#": "1",
                            "ip_configuration.0.load_balancer_backend_address_pools_ids.#": "0",
                            "ip_configuration.0.load_balancer_inbound_nat_rules_ids.#": "0",
                            "ip_configuration.0.name": "ipconfig1",
                            "ip_configuration.0.primary": "true",
                            "ip_configuration.0.private_ip_address": "",
                            "ip_configuration.0.private_ip_address_allocation": "dynamic",
                            "ip_configuration.0.public_ip_address_id": "",
                            "ip_configuration.0.subnet_id": "/subscriptions/0ab9ad2e-f316-4da5-b243-e7f65da24755/resourceGroups/table5dwapprg/providers/Microsoft.Network/virtualNetworks/acctvnet/subnets/subnet1",
                            "location": "brazilsouth",
                            "name": "nic-myvm-1",
                            "network_security_group_id": "/subscriptions/0ab9ad2e-f316-4da5-b243-e7f65da24755/resourceGroups/table5dwapprg/providers/Microsoft.Network/networkSecurityGroups/myvm-3389-nsg",
                            "private_ip_address": "10.0.1.4",
                            "private_ip_addresses.#": "1",
                            "private_ip_addresses.0": "10.0.1.4",
                            "resource_group_name": "table5dwapprg",
                            "tags.%": "0"
                        },
                        "meta": {},
                        "tainted": false
                    },
                    "deposed": [],
                    "provider": "module.mycompute.provider.azurerm"
                },
                "azurerm_network_security_group.vm": {
                    "type": "azurerm_network_security_group",
                    "depends_on": [
                        "azurerm_resource_group.vm",
                        "module.os"
                    ],
                    "primary": {
                        "id": "/subscriptions/0ab9ad2e-f316-4da5-b243-e7f65da24755/resourceGroups/table5dwapprg/providers/Microsoft.Network/networkSecurityGroups/myvm-3389-nsg",
                        "attributes": {
                            "id": "/subscriptions/0ab9ad2e-f316-4da5-b243-e7f65da24755/resourceGroups/table5dwapprg/providers/Microsoft.Network/networkSecurityGroups/myvm-3389-nsg",
                            "location": "brazilsouth",
                            "name": "myvm-3389-nsg",
                            "resource_group_name": "table5dwapprg",
                            "security_rule.#": "1",
                            "security_rule.0.access": "Allow",
                            "security_rule.0.description": "Allow remote protocol in from all locations",
                            "security_rule.0.destination_address_prefix": "*",
                            "security_rule.0.destination_port_range": "3389",
                            "security_rule.0.direction": "Inbound",
                            "security_rule.0.name": "allow_remote_3389_in_all",
                            "security_rule.0.priority": "100",
                            "security_rule.0.protocol": "Tcp",
                            "security_rule.0.source_address_prefix": "*",
                            "security_rule.0.source_port_range": "*",
                            "tags.%": "0"
                        },
                        "meta": {},
                        "tainted": false
                    },
                    "deposed": [],
                    "provider": "module.mycompute.provider.azurerm"
                },
                "azurerm_public_ip.vm": {
                    "type": "azurerm_public_ip",
                    "depends_on": [
                        "azurerm_resource_group.vm"
                    ],
                    "primary": {
                        "id": "/subscriptions/0ab9ad2e-f316-4da5-b243-e7f65da24755/resourceGroups/table5dwapprg/providers/Microsoft.Network/publicIPAddresses/myvm-0-publicIP",
                        "attributes": {
                            "domain_name_label": "table5dwapp",
                            "fqdn": "table5dwapp.brazilsouth.cloudapp.azure.com",
                            "id": "/subscriptions/0ab9ad2e-f316-4da5-b243-e7f65da24755/resourceGroups/table5dwapprg/providers/Microsoft.Network/publicIPAddresses/myvm-0-publicIP",
                            "location": "brazilsouth",
                            "name": "myvm-0-publicIP",
                            "public_ip_address_allocation": "dynamic",
                            "resource_group_name": "table5dwapprg",
                            "tags.%": "0"
                        },
                        "meta": {},
                        "tainted": false
                    },
                    "deposed": [],
                    "provider": "module.mycompute.provider.azurerm"
                },
                "azurerm_resource_group.vm": {
                    "type": "azurerm_resource_group",
                    "depends_on": [],
                    "primary": {
                        "id": "/subscriptions/0ab9ad2e-f316-4da5-b243-e7f65da24755/resourceGroups/table5dwapprg",
                        "attributes": {
                            "id": "/subscriptions/0ab9ad2e-f316-4da5-b243-e7f65da24755/resourceGroups/table5dwapprg",
                            "location": "brazilsouth",
                            "name": "table5dwapprg",
                            "tags.%": "1",
                            "tags.source": "terraform"
                        },
                        "meta": {},
                        "tainted": false
                    },
                    "deposed": [],
                    "provider": "module.mycompute.provider.azurerm"
                },
                "azurerm_virtual_machine.vm-windows.0": {
                    "type": "azurerm_virtual_machine",
                    "depends_on": [
                        "azurerm_availability_set.vm",
                        "azurerm_network_interface.vm.*",
                        "azurerm_resource_group.vm",
                        "azurerm_storage_account.vm-sa.*",
                        "module.os"
                    ],
                    "primary": {
                        "id": "/subscriptions/0ab9ad2e-f316-4da5-b243-e7f65da24755/resourceGroups/table5dwapprg/providers/Microsoft.Compute/virtualMachines/myvm0",
                        "attributes": {
                            "availability_set_id": "/subscriptions/0ab9ad2e-f316-4da5-b243-e7f65da24755/resourcegroups/table5dwapprg/providers/microsoft.compute/availabilitysets/myvm-avset",
                            "boot_diagnostics.#": "1",
                            "boot_diagnostics.0.enabled": "false",
                            "boot_diagnostics.0.storage_uri": "",
                            "delete_data_disks_on_termination": "false",
                            "delete_os_disk_on_termination": "false",
                            "id": "/subscriptions/0ab9ad2e-f316-4da5-b243-e7f65da24755/resourceGroups/table5dwapprg/providers/Microsoft.Compute/virtualMachines/myvm0",
                            "location": "brazilsouth",
                            "name": "myvm0",
                            "network_interface_ids.#": "1",
                            "network_interface_ids.0": "/subscriptions/0ab9ad2e-f316-4da5-b243-e7f65da24755/resourceGroups/table5dwapprg/providers/Microsoft.Network/networkInterfaces/nic-myvm-0",
                            "os_profile.#": "1",
                            "os_profile.3539410748.admin_password": "",
                            "os_profile.3539410748.admin_username": "azureops",
                            "os_profile.3539410748.computer_name": "myvm0",
                            "os_profile.3539410748.custom_data": "",
                            "os_profile_secrets.#": "0",
                            "os_profile_windows_config.#": "1",
                            "os_profile_windows_config.429474957.additional_unattend_config.#": "0",
                            "os_profile_windows_config.429474957.enable_automatic_upgrades": "false",
                            "os_profile_windows_config.429474957.provision_vm_agent": "false",
                            "os_profile_windows_config.429474957.winrm.#": "0",
                            "resource_group_name": "table5dwapprg",
                            "storage_data_disk.#": "0",
                            "storage_image_reference.#": "1",
                            "storage_image_reference.3904372903.id": "",
                            "storage_image_reference.3904372903.offer": "WindowsServer",
                            "storage_image_reference.3904372903.publisher": "MicrosoftWindowsServer",
                            "storage_image_reference.3904372903.sku": "2016-Datacenter",
                            "storage_image_reference.3904372903.version": "latest",
                            "storage_os_disk.#": "1",
                            "storage_os_disk.0.caching": "ReadWrite",
                            "storage_os_disk.0.create_option": "FromImage",
                            "storage_os_disk.0.disk_size_gb": "127",
                            "storage_os_disk.0.image_uri": "",
                            "storage_os_disk.0.managed_disk_id": "/subscriptions/0ab9ad2e-f316-4da5-b243-e7f65da24755/resourceGroups/table5dwapprg/providers/Microsoft.Compute/disks/osdisk-myvm-0",
                            "storage_os_disk.0.managed_disk_type": "Premium_LRS",
                            "storage_os_disk.0.name": "osdisk-myvm-0",
                            "storage_os_disk.0.os_type": "Windows",
                            "storage_os_disk.0.vhd_uri": "",
                            "tags.%": "1",
                            "tags.source": "terraform",
                            "vm_size": "Standard_DS1_V2"
                        },
                        "meta": {},
                        "tainted": false
                    },
                    "deposed": [],
                    "provider": "module.mycompute.provider.azurerm"
                },
                "azurerm_virtual_machine.vm-windows.1": {
                    "type": "azurerm_virtual_machine",
                    "depends_on": [
                        "azurerm_availability_set.vm",
                        "azurerm_network_interface.vm.*",
                        "azurerm_resource_group.vm",
                        "azurerm_storage_account.vm-sa.*",
                        "module.os"
                    ],
                    "primary": {
                        "id": "/subscriptions/0ab9ad2e-f316-4da5-b243-e7f65da24755/resourceGroups/table5dwapprg/providers/Microsoft.Compute/virtualMachines/myvm1",
                        "attributes": {
                            "availability_set_id": "/subscriptions/0ab9ad2e-f316-4da5-b243-e7f65da24755/resourcegroups/table5dwapprg/providers/microsoft.compute/availabilitysets/myvm-avset",
                            "boot_diagnostics.#": "1",
                            "boot_diagnostics.0.enabled": "false",
                            "boot_diagnostics.0.storage_uri": "",
                            "delete_data_disks_on_termination": "false",
                            "delete_os_disk_on_termination": "false",
                            "id": "/subscriptions/0ab9ad2e-f316-4da5-b243-e7f65da24755/resourceGroups/table5dwapprg/providers/Microsoft.Compute/virtualMachines/myvm1",
                            "location": "brazilsouth",
                            "name": "myvm1",
                            "network_interface_ids.#": "1",
                            "network_interface_ids.0": "/subscriptions/0ab9ad2e-f316-4da5-b243-e7f65da24755/resourceGroups/table5dwapprg/providers/Microsoft.Network/networkInterfaces/nic-myvm-1",
                            "os_profile.#": "1",
                            "os_profile.3421253245.admin_password": "",
                            "os_profile.3421253245.admin_username": "azureops",
                            "os_profile.3421253245.computer_name": "myvm1",
                            "os_profile.3421253245.custom_data": "",
                            "os_profile_secrets.#": "0",
                            "os_profile_windows_config.#": "1",
                            "os_profile_windows_config.429474957.additional_unattend_config.#": "0",
                            "os_profile_windows_config.429474957.enable_automatic_upgrades": "false",
                            "os_profile_windows_config.429474957.provision_vm_agent": "false",
                            "os_profile_windows_config.429474957.winrm.#": "0",
                            "resource_group_name": "table5dwapprg",
                            "storage_data_disk.#": "0",
                            "storage_image_reference.#": "1",
                            "storage_image_reference.3904372903.id": "",
                            "storage_image_reference.3904372903.offer": "WindowsServer",
                            "storage_image_reference.3904372903.publisher": "MicrosoftWindowsServer",
                            "storage_image_reference.3904372903.sku": "2016-Datacenter",
                            "storage_image_reference.3904372903.version": "latest",
                            "storage_os_disk.#": "1",
                            "storage_os_disk.0.caching": "ReadWrite",
                            "storage_os_disk.0.create_option": "FromImage",
                            "storage_os_disk.0.disk_size_gb": "127",
                            "storage_os_disk.0.image_uri": "",
                            "storage_os_disk.0.managed_disk_id": "/subscriptions/0ab9ad2e-f316-4da5-b243-e7f65da24755/resourceGroups/table5dwapprg/providers/Microsoft.Compute/disks/osdisk-myvm-1",
                            "storage_os_disk.0.managed_disk_type": "Premium_LRS",
                            "storage_os_disk.0.name": "osdisk-myvm-1",
                            "storage_os_disk.0.os_type": "Windows",
                            "storage_os_disk.0.vhd_uri": "",
                            "tags.%": "1",
                            "tags.source": "terraform",
                            "vm_size": "Standard_DS1_V2"
                        },
                        "meta": {},
                        "tainted": false
                    },
                    "deposed": [],
                    "provider": "module.mycompute.provider.azurerm"
                },
                "random_id.vm-sa": {
                    "type": "random_id",
                    "depends_on": [],
                    "primary": {
                        "id": "iUdbmQmA",
                        "attributes": {
                            "b64": "iUdbmQmA",
                            "b64_std": "iUdbmQmA",
                            "b64_url": "iUdbmQmA",
                            "byte_length": "6",
                            "dec": "150939572439424",
                            "hex": "89475b990980",
                            "id": "iUdbmQmA",
                            "keepers.%": "1",
                            "keepers.vm_hostname": "myvm"
                        },
                        "meta": {},
                        "tainted": false
                    },
                    "deposed": [],
                    "provider": "module.mycompute.provider.random"
                }
            },
            "depends_on": []
        },
        {
            "path": [
                "root",
                "network"
            ],
            "outputs": {
                "vnet_address_space": {
                    "sensitive": false,
                    "type": "list",
                    "value": [
                        "10.0.0.0/16"
                    ]
                },
                "vnet_id": {
                    "sensitive": false,
                    "type": "string",
                    "value": "/subscriptions/0ab9ad2e-f316-4da5-b243-e7f65da24755/resourceGroups/table5dwapprg/providers/Microsoft.Network/virtualNetworks/acctvnet"
                },
                "vnet_location": {
                    "sensitive": false,
                    "type": "string",
                    "value": "brazilsouth"
                },
                "vnet_name": {
                    "sensitive": false,
                    "type": "string",
                    "value": "acctvnet"
                },
                "vnet_subnets": {
                    "sensitive": false,
                    "type": "list",
                    "value": [
                        "/subscriptions/0ab9ad2e-f316-4da5-b243-e7f65da24755/resourceGroups/table5dwapprg/providers/Microsoft.Network/virtualNetworks/acctvnet/subnets/subnet1"
                    ]
                }
            },
            "resources": {
                "azurerm_resource_group.network": {
                    "type": "azurerm_resource_group",
                    "depends_on": [],
                    "primary": {
                        "id": "/subscriptions/0ab9ad2e-f316-4da5-b243-e7f65da24755/resourceGroups/table5dwapprg",
                        "attributes": {
                            "id": "/subscriptions/0ab9ad2e-f316-4da5-b243-e7f65da24755/resourceGroups/table5dwapprg",
                            "location": "brazilsouth",
                            "name": "table5dwapprg",
                            "tags.%": "0"
                        },
                        "meta": {},
                        "tainted": false
                    },
                    "deposed": [],
                    "provider": "provider.azurerm"
                },
                "azurerm_subnet.subnet": {
                    "type": "azurerm_subnet",
                    "depends_on": [
                        "azurerm_resource_group.network",
                        "azurerm_virtual_network.vnet"
                    ],
                    "primary": {
                        "id": "/subscriptions/0ab9ad2e-f316-4da5-b243-e7f65da24755/resourceGroups/table5dwapprg/providers/Microsoft.Network/virtualNetworks/acctvnet/subnets/subnet1",
                        "attributes": {
                            "address_prefix": "10.0.1.0/24",
                            "id": "/subscriptions/0ab9ad2e-f316-4da5-b243-e7f65da24755/resourceGroups/table5dwapprg/providers/Microsoft.Network/virtualNetworks/acctvnet/subnets/subnet1",
                            "ip_configurations.#": "0",
                            "name": "subnet1",
                            "resource_group_name": "table5dwapprg",
                            "virtual_network_name": "acctvnet"
                        },
                        "meta": {},
                        "tainted": false
                    },
                    "deposed": [],
                    "provider": "provider.azurerm"
                },
                "azurerm_virtual_network.vnet": {
                    "type": "azurerm_virtual_network",
                    "depends_on": [
                        "azurerm_resource_group.network"
                    ],
                    "primary": {
                        "id": "/subscriptions/0ab9ad2e-f316-4da5-b243-e7f65da24755/resourceGroups/table5dwapprg/providers/Microsoft.Network/virtualNetworks/acctvnet",
                        "attributes": {
                            "address_space.#": "1",
                            "address_space.0": "10.0.0.0/16",
                            "dns_servers.#": "0",
                            "id": "/subscriptions/0ab9ad2e-f316-4da5-b243-e7f65da24755/resourceGroups/table5dwapprg/providers/Microsoft.Network/virtualNetworks/acctvnet",
                            "location": "brazilsouth",
                            "name": "acctvnet",
                            "resource_group_name": "table5dwapprg",
                            "subnet.#": "0",
                            "tags.%": "2",
                            "tags.tag1": "",
                            "tags.tag2": ""
                        },
                        "meta": {},
                        "tainted": false
                    },
                    "deposed": [],
                    "provider": "provider.azurerm"
                }
            },
            "depends_on": []
        },
        {
            "path": [
                "root",
                "mycompute",
                "os"
            ],
            "outputs": {
                "calculated_remote_port": {
                    "sensitive": false,
                    "type": "string",
                    "value": "3389"
                },
                "calculated_value_os_offer": {
                    "sensitive": false,
                    "type": "string",
                    "value": "WindowsServer"
                },
                "calculated_value_os_publisher": {
                    "sensitive": false,
                    "type": "string",
                    "value": "MicrosoftWindowsServer"
                },
                "calculated_value_os_sku": {
                    "sensitive": false,
                    "type": "string",
                    "value": "2016-Datacenter"
                }
            },
            "resources": {},
            "depends_on": []
        }
    ]
}
