{
    "version": 3,
    "terraform_version": "0.11.10",
    "serial": 3,
    "lineage": "d7f0374c-5c8a-840d-8877-7329b878aa5e",
    "modules": [
        {
            "path": [
                "root"
            ],
            "outputs": {
                "dood": {
                    "sensitive": false,
                    "type": "string",
                    "value": "table5dwapprg"
                }
            },
            "resources": {
                "azurerm_app_service.thewebapp": {
                    "type": "azurerm_app_service",
                    "depends_on": [
                        "azurerm_app_service_plan.theappplan",
                        "azurerm_resource_group.thegroup"
                    ],
                    "primary": {
                        "id": "/subscriptions/0ab9ad2e-f316-4da5-b243-e7f65da24755/resourceGroups/table5dwapprg/providers/Microsoft.Web/sites/table5dwwebapp",
                        "attributes": {
                            "app_service_plan_id": "/subscriptions/0ab9ad2e-f316-4da5-b243-e7f65da24755/resourceGroups/table5dwapprg/providers/Microsoft.Web/serverfarms/table5dwwebappplan",
                            "app_settings.%": "1",
                            "app_settings.WEBSITE_NODE_DEFAULT_VERSION": "6.9.1",
                            "client_affinity_enabled": "true",
                            "connection_string.#": "0",
                            "default_site_hostname": "table5dwwebapp.azurewebsites.net",
                            "enabled": "true",
                            "https_only": "false",
                            "id": "/subscriptions/0ab9ad2e-f316-4da5-b243-e7f65da24755/resourceGroups/table5dwapprg/providers/Microsoft.Web/sites/table5dwwebapp",
                            "identity.#": "0",
                            "location": "brazilsouth",
                            "name": "table5dwwebapp",
                            "outbound_ip_addresses": "191.232.35.72,191.232.32.84,191.232.32.44,191.232.35.210",
                            "resource_group_name": "table5dwapprg",
                            "site_config.#": "1",
                            "site_config.0.always_on": "false",
                            "site_config.0.default_documents.#": "9",
                            "site_config.0.default_documents.0": "Default.htm",
                            "site_config.0.default_documents.1": "Default.html",
                            "site_config.0.default_documents.2": "Default.asp",
                            "site_config.0.default_documents.3": "index.htm",
                            "site_config.0.default_documents.4": "index.html",
                            "site_config.0.default_documents.5": "iisstart.htm",
                            "site_config.0.default_documents.6": "default.aspx",
                            "site_config.0.default_documents.7": "index.php",
                            "site_config.0.default_documents.8": "hostingstart.html",
                            "site_config.0.dotnet_framework_version": "v4.0",
                            "site_config.0.ftps_state": "AllAllowed",
                            "site_config.0.http2_enabled": "false",
                            "site_config.0.ip_restriction.#": "0",
                            "site_config.0.java_container": "",
                            "site_config.0.java_container_version": "",
                            "site_config.0.java_version": "",
                            "site_config.0.linux_fx_version": "",
                            "site_config.0.local_mysql_enabled": "false",
                            "site_config.0.managed_pipeline_mode": "Integrated",
                            "site_config.0.min_tls_version": "1.2",
                            "site_config.0.php_version": "5.6",
                            "site_config.0.python_version": "",
                            "site_config.0.remote_debugging_enabled": "false",
                            "site_config.0.remote_debugging_version": "",
                            "site_config.0.scm_type": "None",
                            "site_config.0.use_32_bit_worker_process": "true",
                            "site_config.0.virtual_network_name": "",
                            "site_config.0.websockets_enabled": "false",
                            "site_credential.#": "1",
                            "site_credential.0.password": "XzkLCTbhncDPpgEMCa6GCvLAy5oY3ucJQ7YcM0tKx0901FpyRg5bHNFdrTQ7",
                            "site_credential.0.username": "$table5dwwebapp",
                            "source_control.#": "1",
                            "source_control.0.branch": "master",
                            "source_control.0.repo_url": "",
                            "tags.%": "0"
                        },
                        "meta": {},
                        "tainted": false
                    },
                    "deposed": [],
                    "provider": "provider.azurerm"
                },
                "azurerm_app_service_plan.theappplan": {
                    "type": "azurerm_app_service_plan",
                    "depends_on": [
                        "azurerm_resource_group.thegroup"
                    ],
                    "primary": {
                        "id": "/subscriptions/0ab9ad2e-f316-4da5-b243-e7f65da24755/resourceGroups/table5dwapprg/providers/Microsoft.Web/serverfarms/table5dwwebappplan",
                        "attributes": {
                            "id": "/subscriptions/0ab9ad2e-f316-4da5-b243-e7f65da24755/resourceGroups/table5dwapprg/providers/Microsoft.Web/serverfarms/table5dwwebappplan",
                            "kind": "Windows",
                            "location": "brazilsouth",
                            "maximum_number_of_workers": "10",
                            "name": "table5dwwebappplan",
                            "properties.#": "1",
                            "properties.0.app_service_environment_id": "",
                            "properties.0.per_site_scaling": "false",
                            "properties.0.reserved": "false",
                            "resource_group_name": "table5dwapprg",
                            "sku.#": "1",
                            "sku.0.capacity": "1",
                            "sku.0.size": "S1",
                            "sku.0.tier": "Standard",
                            "tags.%": "0"
                        },
                        "meta": {},
                        "tainted": false
                    },
                    "deposed": [],
                    "provider": "provider.azurerm"
                },
                "azurerm_resource_group.thegroup": {
                    "type": "azurerm_resource_group",
                    "depends_on": [],
                    "primary": {
                        "id": "/subscriptions/0ab9ad2e-f316-4da5-b243-e7f65da24755/resourceGroups/table5dwapprg",
                        "attributes": {
                            "id": "/subscriptions/0ab9ad2e-f316-4da5-b243-e7f65da24755/resourceGroups/table5dwapprg",
                            "location": "brazilsouth",
                            "name": "table5dwapprg",
                            "tags.%": "0"
                        },
                        "meta": {},
                        "tainted": false
                    },
                    "deposed": [],
                    "provider": "provider.azurerm"
                }
            },
            "depends_on": []
        }
    ]
}
